// !$*UTF8*$!
{
	archiveVersion = 1;
	classes = {
	};
	objectVersion = 55;
	objects = {

/* Begin PBXBuildFile section */
		B949FB912742A9BD007E31DC /* BotResponse.swift in Sources */ = {isa = PBXBuildFile; fileRef = B949FB902742A9BD007E31DC /* BotResponse.swift */; };
		B965AA9A273AB2EB000BB994 /* AppDelegate.swift in Sources */ = {isa = PBXBuildFile; fileRef = B965AA99273AB2EB000BB994 /* AppDelegate.swift */; };
		B965AA9C273AB2EB000BB994 /* SceneDelegate.swift in Sources */ = {isa = PBXBuildFile; fileRef = B965AA9B273AB2EB000BB994 /* SceneDelegate.swift */; };
		B965AA9E273AB2EB000BB994 /* ViewController.swift in Sources */ = {isa = PBXBuildFile; fileRef = B965AA9D273AB2EB000BB994 /* ViewController.swift */; };
		B965AAA1273AB2EB000BB994 /* Main.storyboard in Resources */ = {isa = PBXBuildFile; fileRef = B965AA9F273AB2EB000BB994 /* Main.storyboard */; };
		B965AAA4273AB2EB000BB994 /* RockPaperSckizzor.xcdatamodeld in Sources */ = {isa = PBXBuildFile; fileRef = B965AAA2273AB2EB000BB994 /* RockPaperSckizzor.xcdatamodeld */; };
		B965AAA6273AB2ED000BB994 /* Assets.xcassets in Resources */ = {isa = PBXBuildFile; fileRef = B965AAA5273AB2ED000BB994 /* Assets.xcassets */; };
		B965AAA9273AB2ED000BB994 /* LaunchScreen.storyboard in Resources */ = {isa = PBXBuildFile; fileRef = B965AAA7273AB2ED000BB994 /* LaunchScreen.storyboard */; };
		B98CD0B92747DE7E00BA9D31 /* TableController.swift in Sources */ = {isa = PBXBuildFile; fileRef = B98CD0B82747DE7E00BA9D31 /* TableController.swift */; };
/* End PBXBuildFile section */

/* Begin PBXFileReference section */
		B949FB902742A9BD007E31DC /* BotResponse.swift */ = {isa = PBXFileReference; lastKnownFileType = sourcecode.swift; path = BotResponse.swift; sourceTree = "<group>"; };
		B965AA96273AB2EB000BB994 /* RockPaperSckizzor.app */ = {isa = PBXFileReference; explicitFileType = wrapper.application; includeInIndex = 0; path = RockPaperSckizzor.app; sourceTree = BUILT_PRODUCTS_DIR; };
		B965AA99273AB2EB000BB994 /* AppDelegate.swift */ = {isa = PBXFileReference; lastKnownFileType = sourcecode.swift; path = AppDelegate.swift; sourceTree = "<group>"; };
		B965AA9B273AB2EB000BB994 /* SceneDelegate.swift */ = {isa = PBXFileReference; lastKnownFileType = sourcecode.swift; path = SceneDelegate.swift; sourceTree = "<group>"; };
		B965AA9D273AB2EB000BB994 /* ViewController.swift */ = {isa = PBXFileReference; lastKnownFileType = sourcecode.swift; path = ViewController.swift; sourceTree = "<group>"; };
		B965AAA0273AB2EB000BB994 /* Base */ = {isa = PBXFileReference; lastKnownFileType = file.storyboard; name = Base; path = Base.lproj/Main.storyboard; sourceTree = "<group>"; };
		B965AAA3273AB2EB000BB994 /* RockPaperSckizzor.xcdatamodel */ = {isa = PBXFileReference; lastKnownFileType = wrapper.xcdatamodel; path = RockPaperSckizzor.xcdatamodel; sourceTree = "<group>"; };
		B965AAA5273AB2ED000BB994 /* Assets.xcassets */ = {isa = PBXFileReference; lastKnownFileType = folder.assetcatalog; path = Assets.xcassets; sourceTree = "<group>"; };
		B965AAA8273AB2ED000BB994 /* Base */ = {isa = PBXFileReference; lastKnownFileType = file.storyboard; name = Base; path = Base.lproj/LaunchScreen.storyboard; sourceTree = "<group>"; };
		B965AAAA273AB2ED000BB994 /* Info.plist */ = {isa = PBXFileReference; lastKnownFileType = text.plist.xml; path = Info.plist; sourceTree = "<group>"; };
		B98CD0B82747DE7E00BA9D31 /* TableController.swift */ = {isa = PBXFileReference; lastKnownFileType = sourcecode.swift; path = TableController.swift; sourceTree = "<group>"; };
/* End PBXFileReference section */

/* Begin PBXFrameworksBuildPhase section */
		B965AA93273AB2EB000BB994 /* Frameworks */ = {
			isa = PBXFrameworksBuildPhase;
			buildActionMask = 2147483647;
			files = (
			);
			runOnlyForDeploymentPostprocessing = 0;
		};
/* End PBXFrameworksBuildPhase section */

/* Begin PBXGroup section */
		B965AA8D273AB2EB000BB994 = {
			isa = PBXGroup;
			children = (
				B965AA98273AB2EB000BB994 /* RockPaperSckizzor */,
				B965AA97273AB2EB000BB994 /* Products */,
			);
			sourceTree = "<group>";
		};
		B965AA97273AB2EB000BB994 /* Products */ = {
			isa = PBXGroup;
			children = (
				B965AA96273AB2EB000BB994 /* RockPaperSckizzor.app */,
			);
			name = Products;
			sourceTree = "<group>";
		};
		B965AA98273AB2EB000BB994 /* RockPaperSckizzor */ = {
			isa = PBXGroup;
			children = (
				B965AA99273AB2EB000BB994 /* AppDelegate.swift */,
				B965AA9B273AB2EB000BB994 /* SceneDelegate.swift */,
				B965AA9D273AB2EB000BB994 /* ViewController.swift */,
				B949FB902742A9BD007E31DC /* BotResponse.swift */,
				B965AA9F273AB2EB000BB994 /* Main.storyboard */,
				B98CD0B82747DE7E00BA9D31 /* TableController.swift */,
				B965AAA5273AB2ED000BB994 /* Assets.xcassets */,
				B965AAA7273AB2ED000BB994 /* LaunchScreen.storyboard */,
				B965AAAA273AB2ED000BB994 /* Info.plist */,
				B965AAA2273AB2EB000BB994 /* RockPaperSckizzor.xcdatamodeld */,
			);
			path = RockPaperSckizzor;
			sourceTree = "<group>";
		};
/* End PBXGroup section */

/* Begin PBXNativeTarget section */
		B965AA95273AB2EB000BB994 /* RockPaperSckizzor */ = {
			isa = PBXNativeTarget;
			buildConfigurationList = B965AAAD273AB2ED000BB994 /* Build configuration list for PBXNativeTarget "RockPaperSckizzor" */;
			buildPhases = (
				B965AA92273AB2EB000BB994 /* Sources */,
				B965AA93273AB2EB000BB994 /* Frameworks */,
				B965AA94273AB2EB000BB994 /* Resources */,
			);
			buildRules = (
			);
			dependencies = (
			);
			name = RockPaperSckizzor;
			productName = RockPaperSckizzor;
			productReference = B965AA96273AB2EB000BB994 /* RockPaperSckizzor.app */;
			productType = "com.apple.product-type.application";
		};
/* End PBXNativeTarget section */

/* Begin PBXProject section */
		B965AA8E273AB2EB000BB994 /* Project object */ = {
			isa = PBXProject;
			attributes = {
				BuildIndependentTargetsInParallel = 1;
				LastSwiftUpdateCheck = 1300;
				LastUpgradeCheck = 1300;
				TargetAttributes = {
					B965AA95273AB2EB000BB994 = {
						CreatedOnToolsVersion = 13.0;
					};
				};
			};
			buildConfigurationList = B965AA91273AB2EB000BB994 /* Build configuration list for PBXProject "RockPaperSckizzor" */;
			compatibilityVersion = "Xcode 13.0";
			developmentRegion = en;
			hasScannedForEncodings = 0;
			knownRegions = (
				en,
				Base,
			);
			mainGroup = B965AA8D273AB2EB000BB994;
			productRefGroup = B965AA97273AB2EB000BB994 /* Products */;
			projectDirPath = "";
			projectRoot = "";
			targets = (
				B965AA95273AB2EB000BB994 /* RockPaperSckizzor */,
			);
		};
/* End PBXProject section */

/* Begin PBXResourcesBuildPhase section */
		B965AA94273AB2EB000BB994 /* Resources */ = {
			isa = PBXResourcesBuildPhase;
			buildActionMask = 2147483647;
			files = (
				B965AAA9273AB2ED000BB994 /* LaunchScreen.storyboard in Resources */,
				B965AAA6273AB2ED000BB994 /* Assets.xcassets in Resources */,
				B965AAA1273AB2EB000BB994 /* Main.storyboard in Resources */,
			);
			runOnlyForDeploymentPostprocessing = 0;
		};
/* End PBXResourcesBuildPhase section */

/* Begin PBXSourcesBuildPhase section */
		B965AA92273AB2EB000BB994 /* Sources */ = {
			isa = PBXSourcesBuildPhase;
			buildActionMask = 2147483647;
			files = (
				B98CD0B92747DE7E00BA9D31 /* TableController.swift in Sources */,
				B949FB912742A9BD007E31DC /* BotResponse.swift in Sources */,
				B965AAA4273AB2EB000BB994 /* RockPaperSckizzor.xcdatamodeld in Sources */,
				B965AA9E273AB2EB000BB994 /* ViewController.swift in Sources */,
				B965AA9A273AB2EB000BB994 /* AppDelegate.swift in Sources */,
				B965AA9C273AB2EB000BB994 /* SceneDelegate.swift in Sources */,
			);
			runOnlyForDeploymentPostprocessing = 0;
		};
/* End PBXSourcesBuildPhase section */

/* Begin PBXVariantGroup section */
		B965AA9F273AB2EB000BB994 /* Main.storyboard */ = {
			isa = PBXVariantGroup;
			children = (
				B965AAA0273AB2EB000BB994 /* Base */,
			);
			name = Main.storyboard;
			sourceTree = "<group>";
		};
		B965AAA7273AB2ED000BB994 /* LaunchScreen.storyboard */ = {
			isa = PBXVariantGroup;
			children = (
				B965AAA8273AB2ED000BB994 /* Base */,
			);
			name = LaunchScreen.storyboard;
			sourceTree = "<group>";
		};
/* End PBXVariantGroup section */

/* Begin XCBuildConfiguration section */
		B965AAAB273AB2ED000BB994 /* Debug */ = {
			isa = XCBuildConfiguration;
			buildSettings = {
				ALWAYS_SEARCH_USER_PATHS = NO;
				CLANG_ANALYZER_NONNULL = YES;
				CLANG_ANALYZER_NUMBER_OBJECT_CONVERSION = YES_AGGRESSIVE;
				CLANG_CXX_LANGUAGE_STANDARD = "gnu++17";
				CLANG_CXX_LIBRARY = "libc++";
				CLANG_ENABLE_MODULES = YES;
				CLANG_ENABLE_OBJC_ARC = YES;
				CLANG_ENABLE_OBJC_WEAK = YES;
				CLANG_WARN_BLOCK_CAPTURE_AUTORELEASING = YES;
				CLANG_WARN_BOOL_CONVERSION = YES;
				CLANG_WARN_COMMA = YES;
				CLANG_WARN_CONSTANT_CONVERSION = YES;
				CLANG_WARN_DEPRECATED_OBJC_IMPLEMENTATIONS = YES;
				CLANG_WARN_DIRECT_OBJC_ISA_USAGE = YES_ERROR;
				CLANG_WARN_DOCUMENTATION_COMMENTS = YES;
				CLANG_WARN_EMPTY_BODY = YES;
				CLANG_WARN_ENUM_CONVERSION = YES;
				CLANG_WARN_INFINITE_RECURSION = YES;
				CLANG_WARN_INT_CONVERSION = YES;
				CLANG_WARN_NON_LITERAL_NULL_CONVERSION = YES;
				CLANG_WARN_OBJC_IMPLICIT_RETAIN_SELF = YES;
				CLANG_WARN_OBJC_LITERAL_CONVERSION = YES;
				CLANG_WARN_OBJC_ROOT_CLASS = YES_ERROR;
				CLANG_WARN_QUOTED_INCLUDE_IN_FRAMEWORK_HEADER = YES;
				CLANG_WARN_RANGE_LOOP_ANALYSIS = YES;
				CLANG_WARN_STRICT_PROTOTYPES = YES;
				CLANG_WARN_SUSPICIOUS_MOVE = YES;
				CLANG_WARN_UNGUARDED_AVAILABILITY = YES_AGGRESSIVE;
				CLANG_WARN_UNREACHABLE_CODE = YES;
				CLANG_WARN__DUPLICATE_METHOD_MATCH = YES;
				COPY_PHASE_STRIP = NO;
				DEBUG_INFORMATION_FORMAT = dwarf;
				ENABLE_STRICT_OBJC_MSGSEND = YES;
				ENABLE_TESTABILITY = YES;
				GCC_C_LANGUAGE_STANDARD = gnu11;
				GCC_DYNAMIC_NO_PIC = NO;
				GCC_NO_COMMON_BLOCKS = YES;
				GCC_OPTIMIZATION_LEVEL = 0;
				GCC_PREPROCESSOR_DEFINITIONS = (
					"DEBUG=1",
					"$(inherited)",
				);
				GCC_WARN_64_TO_32_BIT_CONVERSION = YES;
				GCC_WARN_ABOUT_RETURN_TYPE = YES_ERROR;
				GCC_WARN_UNDECLARED_SELECTOR = YES;
				GCC_WARN_UNINITIALIZED_AUTOS = YES_AGGRESSIVE;
				GCC_WARN_UNUSED_FUNCTION = YES;
				GCC_WARN_UNUSED_VARIABLE = YES;
				IPHONEOS_DEPLOYMENT_TARGET = 15.0;
				MTL_ENABLE_DEBUG_INFO = INCLUDE_SOURCE;
				MTL_FAST_MATH = YES;
				ONLY_ACTIVE_ARCH = YES;
				SDKROOT = iphoneos;
				SWIFT_ACTIVE_COMPILATION_CONDITIONS = DEBUG;
				SWIFT_OPTIMIZATION_LEVEL = "-Onone";
			};
			name = Debug;
		};
		B965AAAC273AB2ED000BB994 /* Release */ = {
			isa = XCBuildConfiguration;
			buildSettings = {
				ALWAYS_SEARCH_USER_PATHS = NO;
				CLANG_ANALYZER_NONNULL = YES;
				CLANG_ANALYZER_NUMBER_OBJECT_CONVERSION = YES_AGGRESSIVE;
				CLANG_CXX_LANGUAGE_STANDARD = "gnu++17";
				CLANG_CXX_LIBRARY = "libc++";
				CLANG_ENABLE_MODULES = YES;
				CLANG_ENABLE_OBJC_ARC = YES;
				CLANG_ENABLE_OBJC_WEAK = YES;
				CLANG_WARN_BLOCK_CAPTURE_AUTORELEASING = YES;
				CLANG_WARN_BOOL_CONVERSION = YES;
				CLANG_WARN_COMMA = YES;
				CLANG_WARN_CONSTANT_CONVERSION = YES;
				CLANG_WARN_DEPRECATED_OBJC_IMPLEMENTATIONS = YES;
				CLANG_WARN_DIRECT_OBJC_ISA_USAGE = YES_ERROR;
				CLANG_WARN_DOCUMENTATION_COMMENTS = YES;
				CLANG_WARN_EMPTY_BODY = YES;
				CLANG_WARN_ENUM_CONVERSION = YES;
				CLANG_WARN_INFINITE_RECURSION = YES;
				CLANG_WARN_INT_CONVERSION = YES;
				CLANG_WARN_NON_LITERAL_NULL_CONVERSION = YES;
				CLANG_WARN_OBJC_IMPLICIT_RETAIN_SELF = YES;
				CLANG_WARN_OBJC_LITERAL_CONVERSION = YES;
				CLANG_WARN_OBJC_ROOT_CLASS = YES_ERROR;
				CLANG_WARN_QUOTED_INCLUDE_IN_FRAMEWORK_HEADER = YES;
				CLANG_WARN_RANGE_LOOP_ANALYSIS = YES;
				CLANG_WARN_STRICT_PROTOTYPES = YES;
				CLANG_WARN_SUSPICIOUS_MOVE = YES;
				CLANG_WARN_UNGUARDED_AVAILABILITY = YES_AGGRESSIVE;
				CLANG_WARN_UNREACHABLE_CODE = YES;
				CLANG_WARN__DUPLICATE_METHOD_MATCH = YES;
				COPY_PHASE_STRIP = NO;
				DEBUG_INFORMATION_FORMAT = "dwarf-with-dsym";
				ENABLE_NS_ASSERTIONS = NO;
				ENABLE_STRICT_OBJC_MSGSEND = YES;
				GCC_C_LANGUAGE_STANDARD = gnu11;
				GCC_NO_COMMON_BLOCKS = YES;
				GCC_WARN_64_TO_32_BIT_CONVERSION = YES;
				GCC_WARN_ABOUT_RETURN_TYPE = YES_ERROR;
				GCC_WARN_UNDECLARED_SELECTOR = YES;
				GCC_WARN_UNINITIALIZED_AUTOS = YES_AGGRESSIVE;
				GCC_WARN_UNUSED_FUNCTION = YES;
				GCC_WARN_UNUSED_VARIABLE = YES;
				IPHONEOS_DEPLOYMENT_TARGET = 15.0;
				MTL_ENABLE_DEBUG_INFO = NO;
				MTL_FAST_MATH = YES;
				SDKROOT = iphoneos;
				SWIFT_COMPILATION_MODE = wholemodule;
				SWIFT_OPTIMIZATION_LEVEL = "-O";
				VALIDATE_PRODUCT = YES;
			};
			name = Release;
		};
		B965AAAE273AB2ED000BB994 /* Debug */ = {
			isa = XCBuildConfiguration;
			buildSettings = {
				ASSETCATALOG_COMPILER_APPICON_NAME = AppIcon;
				ASSETCATALOG_COMPILER_GLOBAL_ACCENT_COLOR_NAME = AccentColor;
				CODE_SIGN_STYLE = Automatic;
				CURRENT_PROJECT_VERSION = 1;
				DEVELOPMENT_TEAM = A59HU95FY2;
				GENERATE_INFOPLIST_FILE = YES;
				INFOPLIST_FILE = RockPaperSckizzor/Info.plist;
				INFOPLIST_KEY_UIApplicationSupportsIndirectInputEvents = YES;
				INFOPLIST_KEY_UILaunchStoryboardName = LaunchScreen;
				INFOPLIST_KEY_UIMainStoryboardFile = Main;
				INFOPLIST_KEY_UISupportedInterfaceOrientations_iPad = "UIInterfaceOrientationPortrait UIInterfaceOrientationPortraitUpsideDown UIInterfaceOrientationLandscapeLeft UIInterfaceOrientationLandscapeRight";
				INFOPLIST_KEY_UISupportedInterfaceOrientations_iPhone = "UIInterfaceOrientationPortrait UIInterfaceOrientationLandscapeLeft UIInterfaceOrientationLandscapeRight";
				LD_RUNPATH_SEARCH_PATHS = (
					"$(inherited)",
					"@executable_path/Frameworks",
				);
				MARKETING_VERSION = 1.0;
				PRODUCT_BUNDLE_IDENTIFIER = clc.RockPaperSckizzor;
				PRODUCT_NAME = "$(TARGET_NAME)";
				SWIFT_EMIT_LOC_STRINGS = YES;
				SWIFT_VERSION = 5.0;
				TARGETED_DEVICE_FAMILY = "1,2";
			};
			name = Debug;
		};
		B965AAAF273AB2ED000BB994 /* Release */ = {
			isa = XCBuildConfiguration;
			buildSettings = {
				ASSETCATALOG_COMPILER_APPICON_NAME = AppIcon;
				ASSETCATALOG_COMPILER_GLOBAL_ACCENT_COLOR_NAME = AccentColor;
				CODE_SIGN_STYLE = Automatic;
				CURRENT_PROJECT_VERSION = 1;
				DEVELOPMENT_TEAM = A59HU95FY2;
				GENERATE_INFOPLIST_FILE = YES;
				INFOPLIST_FILE = RockPaperSckizzor/Info.plist;
				INFOPLIST_KEY_UIApplicationSupportsIndirectInputEvents = YES;
				INFOPLIST_KEY_UILaunchStoryboardName = LaunchScreen;
				INFOPLIST_KEY_UIMainStoryboardFile = Main;
				INFOPLIST_KEY_UISupportedInterfaceOrientations_iPad = "UIInterfaceOrientationPortrait UIInterfaceOrientationPortraitUpsideDown UIInterfaceOrientationLandscapeLeft UIInterfaceOrientationLandscapeRight";
				INFOPLIST_KEY_UISupportedInterfaceOrientations_iPhone = "UIInterfaceOrientationPortrait UIInterfaceOrientationLandscapeLeft UIInterfaceOrientationLandscapeRight";
				LD_RUNPATH_SEARCH_PATHS = (
					"$(inherited)",
					"@executable_path/Frameworks",
				);
				MARKETING_VERSION = 1.0;
				PRODUCT_BUNDLE_IDENTIFIER = clc.RockPaperSckizzor;
				PRODUCT_NAME = "$(TARGET_NAME)";
				SWIFT_EMIT_LOC_STRINGS = YES;
				SWIFT_VERSION = 5.0;
				TARGETED_DEVICE_FAMILY = "1,2";
			};
			name = Release;
		};
/* End XCBuildConfiguration section */

/* Begin XCConfigurationList section */
		B965AA91273AB2EB000BB994 /* Build configuration list for PBXProject "RockPaperSckizzor" */ = {
			isa = XCConfigurationList;
			buildConfigurations = (
				B965AAAB273AB2ED000BB994 /* Debug */,
				B965AAAC273AB2ED000BB994 /* Release */,
			);
			defaultConfigurationIsVisible = 0;
			defaultConfigurationName = Release;
		};
		B965AAAD273AB2ED000BB994 /* Build configuration list for PBXNativeTarget "RockPaperSckizzor" */ = {
			isa = XCConfigurationList;
			buildConfigurations = (
				B965AAAE273AB2ED000BB994 /* Debug */,
				B965AAAF273AB2ED000BB994 /* Release */,
			);
			defaultConfigurationIsVisible = 0;
			defaultConfigurationName = Release;
		};
/* End XCConfigurationList section */

/* Begin XCVersionGroup section */
		B965AAA2273AB2EB000BB994 /* RockPaperSckizzor.xcdatamodeld */ = {
			isa = XCVersionGroup;
			children = (
				B965AAA3273AB2EB000BB994 /* RockPaperSckizzor.xcdatamodel */,
			);
			currentVersion = B965AAA3273AB2EB000BB994 /* RockPaperSckizzor.xcdatamodel */;
			path = RockPaperSckizzor.xcdatamodeld;
			sourceTree = "<group>";
			versionGroupType = wrapper.xcdatamodel;
		};
/* End XCVersionGroup section */
	};
	rootObject = B965AA8E273AB2EB000BB994 /* Project object */;
}
